
Microsoft Visual Studio Solution File, Format Version 12.00
# Visual Studio Version 17
VisualStudioVersion = 17.11.35219.272
MinimumVisualStudioVersion = 10.0.40219.1
Project("{FAE04EC0-301F-11D3-BF4B-00C04F79EFBC}") = "Cheat", "Cheat\Cheat.csproj", "{F4FA4A0A-4F9F-41DD-A1B9-64928CE9F866}"
EndProject
Global
	GlobalSection(SolutionConfigurationPlatforms) = preSolution
		Debug|Any CPU = Debug|Any CPU
		Release|Any CPU = Release|Any CPU
	EndGlobalSection
	GlobalSection(ProjectConfigurationPlatforms) = postSolution
		{F4FA4A0A-4F9F-41DD-A1B9-64928CE9F866}.Debug|Any CPU.ActiveCfg = Debug|Any CPU
		{F4FA4A0A-4F9F-41DD-A1B9-64928CE9F866}.Debug|Any CPU.Build.0 = Debug|Any CPU
		{F4FA4A0A-4F9F-41DD-A1B9-64928CE9F866}.Release|Any CPU.ActiveCfg = Release|Any CPU
		{F4FA4A0A-4F9F-41DD-A1B9-64928CE9F866}.Release|Any CPU.Build.0 = Release|Any CPU
	EndGlobalSection
	GlobalSection(SolutionProperties) = preSolution
		HideSolutionNode = FALSE
	EndGlobalSection
	GlobalSection(ExtensibilityGlobals) = postSolution
		SolutionGuid = {BAE7D6CE-8719-40D8-825C-6AA54782B940}
	EndGlobalSection
EndGlobal
